
Microsoft Visual Studio Solution File, Format Version 12.00
# Visual Studio 15
VisualStudioVersion = 15.0.28010.2036
MinimumVisualStudioVersion = 10.0.40219.1
Project("{FAE04EC0-301F-11D3-BF4B-00C04F79EFBC}") = "Lab2", "Lab2\Lab2.csproj", "{59F23E39-DF70-4A49-B1EC-A5E7A6663EE6}"
EndProject
Global
	GlobalSection(SolutionConfigurationPlatforms) = preSolution
		Debug|Any CPU = Debug|Any CPU
		Release|Any CPU = Release|Any CPU
	EndGlobalSection
	GlobalSection(ProjectConfigurationPlatforms) = postSolution
		{59F23E39-DF70-4A49-B1EC-A5E7A6663EE6}.Debug|Any CPU.ActiveCfg = Debug|Any CPU
		{59F23E39-DF70-4A49-B1EC-A5E7A6663EE6}.Debug|Any CPU.Build.0 = Debug|Any CPU
		{59F23E39-DF70-4A49-B1EC-A5E7A6663EE6}.Release|Any CPU.ActiveCfg = Release|Any CPU
		{59F23E39-DF70-4A49-B1EC-A5E7A6663EE6}.Release|Any CPU.Build.0 = Release|Any CPU
	EndGlobalSection
	GlobalSection(SolutionProperties) = preSolution
		HideSolutionNode = FALSE
	EndGlobalSection
	GlobalSection(ExtensibilityGlobals) = postSolution
		SolutionGuid = {8EE35719-EB58-474C-B92D-51E5A846B1D4}
	EndGlobalSection
EndGlobal
